
Microsoft Visual Studio Solution File, Format Version 12.00
# Visual Studio Version 17
VisualStudioVersion = 17.0.32112.339
MinimumVisualStudioVersion = 10.0.40219.1
Project("{8BC9CEB8-8B4A-11D0-8D11-00A0C91BC942}") = "Raytracer", "Raytracer\Raytracer.vcxproj", "{DF4ACABE-C44F-44EE-8D1D-A6B48F4CC47F}"
EndProject
Global
	GlobalSection(SolutionConfigurationPlatforms) = preSolution
		Debug|x64 = Debug|x64
		Debug|x86 = Debug|x86
		Release|x64 = Release|x64
		Release|x86 = Release|x86
	EndGlobalSection
	GlobalSection(ProjectConfigurationPlatforms) = postSolution
		{DF4ACABE-C44F-44EE-8D1D-A6B48F4CC47F}.Debug|x64.ActiveCfg = Debug|x64
		{DF4ACABE-C44F-44EE-8D1D-A6B48F4CC47F}.Debug|x64.Build.0 = Debug|x64
		{DF4ACABE-C44F-44EE-8D1D-A6B48F4CC47F}.Debug|x86.ActiveCfg = Debug|Win32
		{DF4ACABE-C44F-44EE-8D1D-A6B48F4CC47F}.Debug|x86.Build.0 = Debug|Win32
		{DF4ACABE-C44F-44EE-8D1D-A6B48F4CC47F}.Release|x64.ActiveCfg = Release|x64
		{DF4ACABE-C44F-44EE-8D1D-A6B48F4CC47F}.Release|x64.Build.0 = Release|x64
		{DF4ACABE-C44F-44EE-8D1D-A6B48F4CC47F}.Release|x86.ActiveCfg = Release|Win32
		{DF4ACABE-C44F-44EE-8D1D-A6B48F4CC47F}.Release|x86.Build.0 = Release|Win32
	EndGlobalSection
	GlobalSection(SolutionProperties) = preSolution
		HideSolutionNode = FALSE
	EndGlobalSection
	GlobalSection(ExtensibilityGlobals) = postSolution
		SolutionGuid = {F14254E4-965B-49DB-8C1A-5798DCEBA096}
	EndGlobalSection
EndGlobal
